
Microsoft Visual Studio Solution File, Format Version 12.00
# Visual Studio 2013
VisualStudioVersion = 12.0.30110.0
MinimumVisualStudioVersion = 10.0.40219.1
Project("{F184B08F-C81C-45F6-A57F-5ABD9991F28F}") = "dc7bf4ec-9fa1-4297-b1e0-3372ff129479", "dc7bf4ec-9fa1-4297-b1e0-3372ff129479\dc7bf4ec-9fa1-4297-b1e0-3372ff129479.vbproj", "{C049C093-6BCB-46C4-A1DF-2A230669AD63}"
EndProject
Global
	GlobalSection(SolutionConfigurationPlatforms) = preSolution
		Debug|Any CPU = Debug|Any CPU
		Release|Any CPU = Release|Any CPU
	EndGlobalSection
	GlobalSection(ProjectConfigurationPlatforms) = postSolution
		{C049C093-6BCB-46C4-A1DF-2A230669AD63}.Debug|Any CPU.ActiveCfg = Debug|Any CPU
		{C049C093-6BCB-46C4-A1DF-2A230669AD63}.Debug|Any CPU.Build.0 = Debug|Any CPU
		{C049C093-6BCB-46C4-A1DF-2A230669AD63}.Release|Any CPU.ActiveCfg = Release|Any CPU
		{C049C093-6BCB-46C4-A1DF-2A230669AD63}.Release|Any CPU.Build.0 = Release|Any CPU
	EndGlobalSection
	GlobalSection(SolutionProperties) = preSolution
		HideSolutionNode = FALSE
	EndGlobalSection
EndGlobal
