
Microsoft Visual Studio Solution File, Format Version 12.00
# Visual Studio 2013
VisualStudioVersion = 12.0.21005.1
MinimumVisualStudioVersion = 10.0.40219.1
Project("{F184B08F-C81C-45F6-A57F-5ABD9991F28F}") = "f28958be-d900-45b1-b208-6895616167b2", "f28958be-d900-45b1-b208-6895616167b2\f28958be-d900-45b1-b208-6895616167b2.vbproj", "{CF26A6EA-8AB2-4CE5-8C55-C6D41D165D13}"
EndProject
Global
	GlobalSection(SolutionConfigurationPlatforms) = preSolution
		Debug|Any CPU = Debug|Any CPU
		Release|Any CPU = Release|Any CPU
	EndGlobalSection
	GlobalSection(ProjectConfigurationPlatforms) = postSolution
		{CF26A6EA-8AB2-4CE5-8C55-C6D41D165D13}.Debug|Any CPU.ActiveCfg = Debug|Any CPU
		{CF26A6EA-8AB2-4CE5-8C55-C6D41D165D13}.Debug|Any CPU.Build.0 = Debug|Any CPU
		{CF26A6EA-8AB2-4CE5-8C55-C6D41D165D13}.Release|Any CPU.ActiveCfg = Release|Any CPU
		{CF26A6EA-8AB2-4CE5-8C55-C6D41D165D13}.Release|Any CPU.Build.0 = Release|Any CPU
	EndGlobalSection
	GlobalSection(SolutionProperties) = preSolution
		HideSolutionNode = FALSE
	EndGlobalSection
EndGlobal
