
Microsoft Visual Studio Solution File, Format Version 12.00
# Visual Studio 2013
VisualStudioVersion = 12.0.21005.1
MinimumVisualStudioVersion = 10.0.40219.1
Project("{FAE04EC0-301F-11D3-BF4B-00C04F79EFBC}") = "62b168b7-0d76-44c9-ad4c-044f659c2996", "62b168b7-0d76-44c9-ad4c-044f659c2996\62b168b7-0d76-44c9-ad4c-044f659c2996.csproj", "{40C430F7-2B77-48BD-B868-271AFB66ED02}"
EndProject
Global
	GlobalSection(SolutionConfigurationPlatforms) = preSolution
		Debug|Any CPU = Debug|Any CPU
		Release|Any CPU = Release|Any CPU
	EndGlobalSection
	GlobalSection(ProjectConfigurationPlatforms) = postSolution
		{40C430F7-2B77-48BD-B868-271AFB66ED02}.Debug|Any CPU.ActiveCfg = Debug|Any CPU
		{40C430F7-2B77-48BD-B868-271AFB66ED02}.Debug|Any CPU.Build.0 = Debug|Any CPU
		{40C430F7-2B77-48BD-B868-271AFB66ED02}.Release|Any CPU.ActiveCfg = Release|Any CPU
		{40C430F7-2B77-48BD-B868-271AFB66ED02}.Release|Any CPU.Build.0 = Release|Any CPU
	EndGlobalSection
	GlobalSection(SolutionProperties) = preSolution
		HideSolutionNode = FALSE
	EndGlobalSection
EndGlobal
