
Microsoft Visual Studio Solution File, Format Version 12.00
# Visual Studio 2013
VisualStudioVersion = 12.0.21005.1
MinimumVisualStudioVersion = 10.0.40219.1
Project("{FAE04EC0-301F-11D3-BF4B-00C04F79EFBC}") = "46f604a0-1458-4786-aa61-8ebfaacb8d28", "46f604a0-1458-4786-aa61-8ebfaacb8d28\46f604a0-1458-4786-aa61-8ebfaacb8d28.csproj", "{8727E61C-5376-4991-9804-C62D0635C30B}"
EndProject
Global
	GlobalSection(SolutionConfigurationPlatforms) = preSolution
		Debug|Any CPU = Debug|Any CPU
		Release|Any CPU = Release|Any CPU
	EndGlobalSection
	GlobalSection(ProjectConfigurationPlatforms) = postSolution
		{8727E61C-5376-4991-9804-C62D0635C30B}.Debug|Any CPU.ActiveCfg = Debug|Any CPU
		{8727E61C-5376-4991-9804-C62D0635C30B}.Debug|Any CPU.Build.0 = Debug|Any CPU
		{8727E61C-5376-4991-9804-C62D0635C30B}.Release|Any CPU.ActiveCfg = Release|Any CPU
		{8727E61C-5376-4991-9804-C62D0635C30B}.Release|Any CPU.Build.0 = Release|Any CPU
	EndGlobalSection
	GlobalSection(SolutionProperties) = preSolution
		HideSolutionNode = FALSE
	EndGlobalSection
EndGlobal
