
Microsoft Visual Studio Solution File, Format Version 12.00
# Visual Studio 2013
VisualStudioVersion = 12.0.21005.1
MinimumVisualStudioVersion = 10.0.40219.1
Project("{FAE04EC0-301F-11D3-BF4B-00C04F79EFBC}") = "01d7cd67-0d7b-4edb-9cea-8778244b2550", "01d7cd67-0d7b-4edb-9cea-8778244b2550\01d7cd67-0d7b-4edb-9cea-8778244b2550.csproj", "{AFC54A18-5376-4636-9C7A-9797D737D28D}"
EndProject
Project("{FAE04EC0-301F-11D3-BF4B-00C04F79EFBC}") = "WpfApplication1", "WpfApplication1\WpfApplication1.csproj", "{5250EC24-80CE-41FF-B7D7-90AA14798F80}"
EndProject
Global
	GlobalSection(SolutionConfigurationPlatforms) = preSolution
		Debug|Any CPU = Debug|Any CPU
		Release|Any CPU = Release|Any CPU
	EndGlobalSection
	GlobalSection(ProjectConfigurationPlatforms) = postSolution
		{AFC54A18-5376-4636-9C7A-9797D737D28D}.Debug|Any CPU.ActiveCfg = Debug|Any CPU
		{AFC54A18-5376-4636-9C7A-9797D737D28D}.Debug|Any CPU.Build.0 = Debug|Any CPU
		{AFC54A18-5376-4636-9C7A-9797D737D28D}.Release|Any CPU.ActiveCfg = Release|Any CPU
		{AFC54A18-5376-4636-9C7A-9797D737D28D}.Release|Any CPU.Build.0 = Release|Any CPU
		{5250EC24-80CE-41FF-B7D7-90AA14798F80}.Debug|Any CPU.ActiveCfg = Debug|Any CPU
		{5250EC24-80CE-41FF-B7D7-90AA14798F80}.Debug|Any CPU.Build.0 = Debug|Any CPU
		{5250EC24-80CE-41FF-B7D7-90AA14798F80}.Release|Any CPU.ActiveCfg = Release|Any CPU
		{5250EC24-80CE-41FF-B7D7-90AA14798F80}.Release|Any CPU.Build.0 = Release|Any CPU
	EndGlobalSection
	GlobalSection(SolutionProperties) = preSolution
		HideSolutionNode = FALSE
	EndGlobalSection
EndGlobal
