
Microsoft Visual Studio Solution File, Format Version 12.00
# Visual Studio 2013
VisualStudioVersion = 12.0.21005.1
MinimumVisualStudioVersion = 10.0.40219.1
Project("{FAE04EC0-301F-11D3-BF4B-00C04F79EFBC}") = "af5bc229-355e-42a3-a1f8-1b501af323b0", "af5bc229-355e-42a3-a1f8-1b501af323b0\af5bc229-355e-42a3-a1f8-1b501af323b0.csproj", "{ABCC9E93-F978-4BFC-B401-A7B22C65ABE6}"
EndProject
Global
	GlobalSection(SolutionConfigurationPlatforms) = preSolution
		Debug|Any CPU = Debug|Any CPU
		Release|Any CPU = Release|Any CPU
	EndGlobalSection
	GlobalSection(ProjectConfigurationPlatforms) = postSolution
		{ABCC9E93-F978-4BFC-B401-A7B22C65ABE6}.Debug|Any CPU.ActiveCfg = Debug|Any CPU
		{ABCC9E93-F978-4BFC-B401-A7B22C65ABE6}.Debug|Any CPU.Build.0 = Debug|Any CPU
		{ABCC9E93-F978-4BFC-B401-A7B22C65ABE6}.Release|Any CPU.ActiveCfg = Release|Any CPU
		{ABCC9E93-F978-4BFC-B401-A7B22C65ABE6}.Release|Any CPU.Build.0 = Release|Any CPU
	EndGlobalSection
	GlobalSection(SolutionProperties) = preSolution
		HideSolutionNode = FALSE
	EndGlobalSection
EndGlobal
