
Microsoft Visual Studio Solution File, Format Version 12.00
# Visual Studio 2013
VisualStudioVersion = 12.0.30723.0
MinimumVisualStudioVersion = 10.0.40219.1
Project("{F184B08F-C81C-45F6-A57F-5ABD9991F28F}") = "1b313662-cf54-499b-b635-22264b5b56ec", "1b313662-cf54-499b-b635-22264b5b56ec.vbproj", "{D6DBE951-9559-4726-A23F-10B09336C292}"
EndProject
Global
	GlobalSection(SolutionConfigurationPlatforms) = preSolution
		Debug|Any CPU = Debug|Any CPU
		Release|Any CPU = Release|Any CPU
	EndGlobalSection
	GlobalSection(ProjectConfigurationPlatforms) = postSolution
		{D6DBE951-9559-4726-A23F-10B09336C292}.Debug|Any CPU.ActiveCfg = Debug|Any CPU
		{D6DBE951-9559-4726-A23F-10B09336C292}.Debug|Any CPU.Build.0 = Debug|Any CPU
		{D6DBE951-9559-4726-A23F-10B09336C292}.Release|Any CPU.ActiveCfg = Release|Any CPU
		{D6DBE951-9559-4726-A23F-10B09336C292}.Release|Any CPU.Build.0 = Release|Any CPU
	EndGlobalSection
	GlobalSection(SolutionProperties) = preSolution
		HideSolutionNode = FALSE
	EndGlobalSection
EndGlobal
