
Microsoft Visual Studio Solution File, Format Version 12.00
# Visual Studio 2013
VisualStudioVersion = 12.0.21005.1
MinimumVisualStudioVersion = 10.0.40219.1
Project("{FAE04EC0-301F-11D3-BF4B-00C04F79EFBC}") = "d62dbca0-c10f-47ea-920b-2cfc68ce8231", "d62dbca0-c10f-47ea-920b-2cfc68ce8231\d62dbca0-c10f-47ea-920b-2cfc68ce8231.csproj", "{AB307999-40C2-42F7-8C0B-1C19D2EB3A5D}"
EndProject
Global
	GlobalSection(SolutionConfigurationPlatforms) = preSolution
		Debug|Any CPU = Debug|Any CPU
		Release|Any CPU = Release|Any CPU
	EndGlobalSection
	GlobalSection(ProjectConfigurationPlatforms) = postSolution
		{AB307999-40C2-42F7-8C0B-1C19D2EB3A5D}.Debug|Any CPU.ActiveCfg = Debug|Any CPU
		{AB307999-40C2-42F7-8C0B-1C19D2EB3A5D}.Debug|Any CPU.Build.0 = Debug|Any CPU
		{AB307999-40C2-42F7-8C0B-1C19D2EB3A5D}.Release|Any CPU.ActiveCfg = Release|Any CPU
		{AB307999-40C2-42F7-8C0B-1C19D2EB3A5D}.Release|Any CPU.Build.0 = Release|Any CPU
	EndGlobalSection
	GlobalSection(SolutionProperties) = preSolution
		HideSolutionNode = FALSE
	EndGlobalSection
EndGlobal
