
Microsoft Visual Studio Solution File, Format Version 12.00
# Visual Studio 2013
VisualStudioVersion = 12.0.21005.1
MinimumVisualStudioVersion = 10.0.40219.1
Project("{FAE04EC0-301F-11D3-BF4B-00C04F79EFBC}") = "9c64edb9-d3cc-4b8e-80e5-cc63c7f7d33b", "9c64edb9-d3cc-4b8e-80e5-cc63c7f7d33b\9c64edb9-d3cc-4b8e-80e5-cc63c7f7d33b.csproj", "{1C074D19-A026-49A7-ADCA-E87850E65D05}"
EndProject
Global
	GlobalSection(SolutionConfigurationPlatforms) = preSolution
		Debug|Any CPU = Debug|Any CPU
		Release|Any CPU = Release|Any CPU
	EndGlobalSection
	GlobalSection(ProjectConfigurationPlatforms) = postSolution
		{1C074D19-A026-49A7-ADCA-E87850E65D05}.Debug|Any CPU.ActiveCfg = Debug|Any CPU
		{1C074D19-A026-49A7-ADCA-E87850E65D05}.Debug|Any CPU.Build.0 = Debug|Any CPU
		{1C074D19-A026-49A7-ADCA-E87850E65D05}.Release|Any CPU.ActiveCfg = Release|Any CPU
		{1C074D19-A026-49A7-ADCA-E87850E65D05}.Release|Any CPU.Build.0 = Release|Any CPU
	EndGlobalSection
	GlobalSection(SolutionProperties) = preSolution
		HideSolutionNode = FALSE
	EndGlobalSection
EndGlobal
