
Microsoft Visual Studio Solution File, Format Version 12.00
# Visual Studio 2013
VisualStudioVersion = 12.0.31101.0
MinimumVisualStudioVersion = 10.0.40219.1
Project("{FAE04EC0-301F-11D3-BF4B-00C04F79EFBC}") = "036d293b-7b47-4cb6-b35e-c5e03d611bc0", "036d293b-7b47-4cb6-b35e-c5e03d611bc0.csproj", "{551FB02D-83A6-435D-977F-1936CA8B33EB}"
EndProject
Global
	GlobalSection(SolutionConfigurationPlatforms) = preSolution
		Debug|Any CPU = Debug|Any CPU
		Release|Any CPU = Release|Any CPU
	EndGlobalSection
	GlobalSection(ProjectConfigurationPlatforms) = postSolution
		{551FB02D-83A6-435D-977F-1936CA8B33EB}.Debug|Any CPU.ActiveCfg = Debug|Any CPU
		{551FB02D-83A6-435D-977F-1936CA8B33EB}.Debug|Any CPU.Build.0 = Debug|Any CPU
		{551FB02D-83A6-435D-977F-1936CA8B33EB}.Release|Any CPU.ActiveCfg = Release|Any CPU
		{551FB02D-83A6-435D-977F-1936CA8B33EB}.Release|Any CPU.Build.0 = Release|Any CPU
	EndGlobalSection
	GlobalSection(SolutionProperties) = preSolution
		HideSolutionNode = FALSE
	EndGlobalSection
EndGlobal
