
Microsoft Visual Studio Solution File, Format Version 12.00
# Visual Studio 2013
VisualStudioVersion = 12.0.30723.0
MinimumVisualStudioVersion = 10.0.40219.1
Project("{FAE04EC0-301F-11D3-BF4B-00C04F79EFBC}") = "c17294c7-623f-4c51-9add-39ca2d48b4c2", "c17294c7-623f-4c51-9add-39ca2d48b4c2.csproj", "{E358FC3B-1ECC-493F-A5BC-A3FBBA93DF1D}"
EndProject
Global
	GlobalSection(SolutionConfigurationPlatforms) = preSolution
		Debug|Any CPU = Debug|Any CPU
		Release|Any CPU = Release|Any CPU
	EndGlobalSection
	GlobalSection(ProjectConfigurationPlatforms) = postSolution
		{E358FC3B-1ECC-493F-A5BC-A3FBBA93DF1D}.Debug|Any CPU.ActiveCfg = Debug|Any CPU
		{E358FC3B-1ECC-493F-A5BC-A3FBBA93DF1D}.Debug|Any CPU.Build.0 = Debug|Any CPU
		{E358FC3B-1ECC-493F-A5BC-A3FBBA93DF1D}.Release|Any CPU.ActiveCfg = Release|Any CPU
		{E358FC3B-1ECC-493F-A5BC-A3FBBA93DF1D}.Release|Any CPU.Build.0 = Release|Any CPU
	EndGlobalSection
	GlobalSection(SolutionProperties) = preSolution
		HideSolutionNode = FALSE
	EndGlobalSection
EndGlobal
