
Microsoft Visual Studio Solution File, Format Version 12.00
# Visual Studio 2013
VisualStudioVersion = 12.0.21005.1
MinimumVisualStudioVersion = 10.0.40219.1
Project("{FAE04EC0-301F-11D3-BF4B-00C04F79EFBC}") = "563b2664-cd40-40bc-b11c-dd49cd43fad5", "563b2664-cd40-40bc-b11c-dd49cd43fad5\563b2664-cd40-40bc-b11c-dd49cd43fad5.csproj", "{09428CDE-245E-4663-BC1A-6C0710AD9DF2}"
EndProject
Global
	GlobalSection(SolutionConfigurationPlatforms) = preSolution
		Debug|Any CPU = Debug|Any CPU
		Release|Any CPU = Release|Any CPU
	EndGlobalSection
	GlobalSection(ProjectConfigurationPlatforms) = postSolution
		{09428CDE-245E-4663-BC1A-6C0710AD9DF2}.Debug|Any CPU.ActiveCfg = Debug|Any CPU
		{09428CDE-245E-4663-BC1A-6C0710AD9DF2}.Debug|Any CPU.Build.0 = Debug|Any CPU
		{09428CDE-245E-4663-BC1A-6C0710AD9DF2}.Release|Any CPU.ActiveCfg = Release|Any CPU
		{09428CDE-245E-4663-BC1A-6C0710AD9DF2}.Release|Any CPU.Build.0 = Release|Any CPU
	EndGlobalSection
	GlobalSection(SolutionProperties) = preSolution
		HideSolutionNode = FALSE
	EndGlobalSection
EndGlobal
