
Microsoft Visual Studio Solution File, Format Version 12.00
# Visual Studio 2013
VisualStudioVersion = 12.0.21005.1
MinimumVisualStudioVersion = 10.0.40219.1
Project("{FAE04EC0-301F-11D3-BF4B-00C04F79EFBC}") = "b4b450d2-ef56-4b91-aff1-b812d0ffb153", "b4b450d2-ef56-4b91-aff1-b812d0ffb153\b4b450d2-ef56-4b91-aff1-b812d0ffb153.csproj", "{27407F50-BEB0-42CB-A9C6-17971F17E432}"
EndProject
Global
	GlobalSection(SolutionConfigurationPlatforms) = preSolution
		Debug|Any CPU = Debug|Any CPU
		Release|Any CPU = Release|Any CPU
	EndGlobalSection
	GlobalSection(ProjectConfigurationPlatforms) = postSolution
		{27407F50-BEB0-42CB-A9C6-17971F17E432}.Debug|Any CPU.ActiveCfg = Debug|Any CPU
		{27407F50-BEB0-42CB-A9C6-17971F17E432}.Debug|Any CPU.Build.0 = Debug|Any CPU
		{27407F50-BEB0-42CB-A9C6-17971F17E432}.Release|Any CPU.ActiveCfg = Release|Any CPU
		{27407F50-BEB0-42CB-A9C6-17971F17E432}.Release|Any CPU.Build.0 = Release|Any CPU
	EndGlobalSection
	GlobalSection(SolutionProperties) = preSolution
		HideSolutionNode = FALSE
	EndGlobalSection
EndGlobal
