
Microsoft Visual Studio Solution File, Format Version 12.00
# Visual Studio 2013
VisualStudioVersion = 12.0.21005.1
MinimumVisualStudioVersion = 10.0.40219.1
Project("{F184B08F-C81C-45F6-A57F-5ABD9991F28F}") = "4eb1f8b7-75d8-4811-961a-8f219596d2db", "4eb1f8b7-75d8-4811-961a-8f219596d2db\4eb1f8b7-75d8-4811-961a-8f219596d2db.vbproj", "{F568C2D7-4EA2-4E9E-B20C-1426BFD9249F}"
EndProject
Global
	GlobalSection(SolutionConfigurationPlatforms) = preSolution
		Debug|Any CPU = Debug|Any CPU
		Release|Any CPU = Release|Any CPU
	EndGlobalSection
	GlobalSection(ProjectConfigurationPlatforms) = postSolution
		{F568C2D7-4EA2-4E9E-B20C-1426BFD9249F}.Debug|Any CPU.ActiveCfg = Debug|Any CPU
		{F568C2D7-4EA2-4E9E-B20C-1426BFD9249F}.Debug|Any CPU.Build.0 = Debug|Any CPU
		{F568C2D7-4EA2-4E9E-B20C-1426BFD9249F}.Release|Any CPU.ActiveCfg = Release|Any CPU
		{F568C2D7-4EA2-4E9E-B20C-1426BFD9249F}.Release|Any CPU.Build.0 = Release|Any CPU
	EndGlobalSection
	GlobalSection(SolutionProperties) = preSolution
		HideSolutionNode = FALSE
	EndGlobalSection
EndGlobal
