
Microsoft Visual Studio Solution File, Format Version 12.00
# Visual Studio 2013
VisualStudioVersion = 12.0.21005.1
MinimumVisualStudioVersion = 10.0.40219.1
Project("{F184B08F-C81C-45F6-A57F-5ABD9991F28F}") = "9ac34d77-80e9-4473-b5ac-027124e9430c", "9ac34d77-80e9-4473-b5ac-027124e9430c\9ac34d77-80e9-4473-b5ac-027124e9430c.vbproj", "{8A440E07-5BA8-4BA2-A750-63547A1FC994}"
EndProject
Global
	GlobalSection(SolutionConfigurationPlatforms) = preSolution
		Debug|Any CPU = Debug|Any CPU
		Release|Any CPU = Release|Any CPU
	EndGlobalSection
	GlobalSection(ProjectConfigurationPlatforms) = postSolution
		{8A440E07-5BA8-4BA2-A750-63547A1FC994}.Debug|Any CPU.ActiveCfg = Debug|Any CPU
		{8A440E07-5BA8-4BA2-A750-63547A1FC994}.Debug|Any CPU.Build.0 = Debug|Any CPU
		{8A440E07-5BA8-4BA2-A750-63547A1FC994}.Release|Any CPU.ActiveCfg = Release|Any CPU
		{8A440E07-5BA8-4BA2-A750-63547A1FC994}.Release|Any CPU.Build.0 = Release|Any CPU
	EndGlobalSection
	GlobalSection(SolutionProperties) = preSolution
		HideSolutionNode = FALSE
	EndGlobalSection
EndGlobal
