
Microsoft Visual Studio Solution File, Format Version 12.00
# Visual Studio 2013
VisualStudioVersion = 12.0.30723.0
MinimumVisualStudioVersion = 10.0.40219.1
Project("{FAE04EC0-301F-11D3-BF4B-00C04F79EFBC}") = "8b5fbc72-f99b-4061-bfee-1e4f586237c7", "8b5fbc72-f99b-4061-bfee-1e4f586237c7.csproj", "{328D301E-E776-4548-9284-DC634DB6C980}"
EndProject
Global
	GlobalSection(SolutionConfigurationPlatforms) = preSolution
		Debug|Any CPU = Debug|Any CPU
		Release|Any CPU = Release|Any CPU
	EndGlobalSection
	GlobalSection(ProjectConfigurationPlatforms) = postSolution
		{328D301E-E776-4548-9284-DC634DB6C980}.Debug|Any CPU.ActiveCfg = Debug|Any CPU
		{328D301E-E776-4548-9284-DC634DB6C980}.Debug|Any CPU.Build.0 = Debug|Any CPU
		{328D301E-E776-4548-9284-DC634DB6C980}.Release|Any CPU.ActiveCfg = Release|Any CPU
		{328D301E-E776-4548-9284-DC634DB6C980}.Release|Any CPU.Build.0 = Release|Any CPU
	EndGlobalSection
	GlobalSection(SolutionProperties) = preSolution
		HideSolutionNode = FALSE
	EndGlobalSection
EndGlobal
